
Microsoft Visual Studio Solution File, Format Version 12.00
# Visual Studio Version 17
VisualStudioVersion = 17.6.33723.286
MinimumVisualStudioVersion = 10.0.40219.1
Project("{FAE04EC0-301F-11D3-BF4B-00C04F79EFBC}") = "BankTransactions", "BankTransactions.csproj", "{05E5AC97-200A-4F86-BDE2-1FC8CD8FC353}"
EndProject
Global
	GlobalSection(SolutionConfigurationPlatforms) = preSolution
		Debug|Any CPU = Debug|Any CPU
		Release|Any CPU = Release|Any CPU
	EndGlobalSection
	GlobalSection(ProjectConfigurationPlatforms) = postSolution
		{05E5AC97-200A-4F86-BDE2-1FC8CD8FC353}.Debug|Any CPU.ActiveCfg = Debug|Any CPU
		{05E5AC97-200A-4F86-BDE2-1FC8CD8FC353}.Debug|Any CPU.Build.0 = Debug|Any CPU
		{05E5AC97-200A-4F86-BDE2-1FC8CD8FC353}.Release|Any CPU.ActiveCfg = Release|Any CPU
		{05E5AC97-200A-4F86-BDE2-1FC8CD8FC353}.Release|Any CPU.Build.0 = Release|Any CPU
	EndGlobalSection
	GlobalSection(SolutionProperties) = preSolution
		HideSolutionNode = FALSE
	EndGlobalSection
	GlobalSection(ExtensibilityGlobals) = postSolution
		SolutionGuid = {095DC8DA-76B3-4D0A-900F-D9DDAB2DEBA4}
	EndGlobalSection
EndGlobal
